
Microsoft Visual Studio Solution File, Format Version 12.00
# Visual Studio Version 16
VisualStudioVersion = 16.0.29519.181
MinimumVisualStudioVersion = 10.0.40219.1
Project("{FAE04EC0-301F-11D3-BF4B-00C04F79EFBC}") = "Overloads", "Overloads.csproj", "{6C7728E5-B531-4E81-8940-827A804CAD4A}"
EndProject
Global
	GlobalSection(SolutionConfigurationPlatforms) = preSolution
		Debug|Any CPU = Debug|Any CPU
		Release|Any CPU = Release|Any CPU
	EndGlobalSection
	GlobalSection(ProjectConfigurationPlatforms) = postSolution
		{6C7728E5-B531-4E81-8940-827A804CAD4A}.Debug|Any CPU.ActiveCfg = Debug|Any CPU
		{6C7728E5-B531-4E81-8940-827A804CAD4A}.Debug|Any CPU.Build.0 = Debug|Any CPU
		{6C7728E5-B531-4E81-8940-827A804CAD4A}.Release|Any CPU.ActiveCfg = Release|Any CPU
		{6C7728E5-B531-4E81-8940-827A804CAD4A}.Release|Any CPU.Build.0 = Release|Any CPU
	EndGlobalSection
	GlobalSection(SolutionProperties) = preSolution
		HideSolutionNode = FALSE
	EndGlobalSection
	GlobalSection(ExtensibilityGlobals) = postSolution
		SolutionGuid = {689D6E11-F827-495B-8FB8-21A71DE9FF13}
	EndGlobalSection
EndGlobal
